
Microsoft Visual Studio Solution File, Format Version 12.00
# Visual Studio 15
VisualStudioVersion = 15.0.28010.2041
MinimumVisualStudioVersion = 10.0.40219.1
Project("{9A19103F-16F7-4668-BE54-9A1E7A4F7556}") = "StartAndStopDotNetCoreApp", "StartAndStopDotNetCoreApp\StartAndStopDotNetCoreApp.csproj", "{5332BBB0-1BFA-415F-9C8B-0DD05CE5628C}"
EndProject
Project("{FAE04EC0-301F-11D3-BF4B-00C04F79EFBC}") = "WebApplication", "WebApplication\WebApplication.csproj", "{B4A9DCAE-A0E6-444E-8DA9-DAA04C55795B}"
EndProject
Global
	GlobalSection(SolutionConfigurationPlatforms) = preSolution
		Debug|Any CPU = Debug|Any CPU
		Release|Any CPU = Release|Any CPU
	EndGlobalSection
	GlobalSection(ProjectConfigurationPlatforms) = postSolution
		{5332BBB0-1BFA-415F-9C8B-0DD05CE5628C}.Debug|Any CPU.ActiveCfg = Debug|Any CPU
		{5332BBB0-1BFA-415F-9C8B-0DD05CE5628C}.Debug|Any CPU.Build.0 = Debug|Any CPU
		{5332BBB0-1BFA-415F-9C8B-0DD05CE5628C}.Release|Any CPU.ActiveCfg = Release|Any CPU
		{5332BBB0-1BFA-415F-9C8B-0DD05CE5628C}.Release|Any CPU.Build.0 = Release|Any CPU
		{B4A9DCAE-A0E6-444E-8DA9-DAA04C55795B}.Debug|Any CPU.ActiveCfg = Debug|Any CPU
		{B4A9DCAE-A0E6-444E-8DA9-DAA04C55795B}.Debug|Any CPU.Build.0 = Debug|Any CPU
		{B4A9DCAE-A0E6-444E-8DA9-DAA04C55795B}.Release|Any CPU.ActiveCfg = Release|Any CPU
		{B4A9DCAE-A0E6-444E-8DA9-DAA04C55795B}.Release|Any CPU.Build.0 = Release|Any CPU
	EndGlobalSection
	GlobalSection(SolutionProperties) = preSolution
		HideSolutionNode = FALSE
	EndGlobalSection
	GlobalSection(ExtensibilityGlobals) = postSolution
		SolutionGuid = {BCF85947-F66C-4CCD-A770-DA30E16239E0}
	EndGlobalSection
EndGlobal
